
Microsoft Visual Studio Solution File, Format Version 12.00
# Visual Studio Version 16
VisualStudioVersion = 16.0.29411.108
MinimumVisualStudioVersion = 10.0.40219.1
Project("{FAE04EC0-301F-11D3-BF4B-00C04F79EFBC}") = "StringBuilder", "StringBuilder\StringBuilder.csproj", "{704C4593-CBE9-43C1-B3B4-AE63063ED735}"
EndProject
Global
	GlobalSection(SolutionConfigurationPlatforms) = preSolution
		Debug|Any CPU = Debug|Any CPU
		Release|Any CPU = Release|Any CPU
	EndGlobalSection
	GlobalSection(ProjectConfigurationPlatforms) = postSolution
		{704C4593-CBE9-43C1-B3B4-AE63063ED735}.Debug|Any CPU.ActiveCfg = Debug|Any CPU
		{704C4593-CBE9-43C1-B3B4-AE63063ED735}.Debug|Any CPU.Build.0 = Debug|Any CPU
		{704C4593-CBE9-43C1-B3B4-AE63063ED735}.Release|Any CPU.ActiveCfg = Release|Any CPU
		{704C4593-CBE9-43C1-B3B4-AE63063ED735}.Release|Any CPU.Build.0 = Release|Any CPU
	EndGlobalSection
	GlobalSection(SolutionProperties) = preSolution
		HideSolutionNode = FALSE
	EndGlobalSection
	GlobalSection(ExtensibilityGlobals) = postSolution
		SolutionGuid = {DB437F3D-D034-4460-8B3E-A4C3ECCCA297}
	EndGlobalSection
EndGlobal
